
Microsoft Visual Studio Solution File, Format Version 12.00
# Visual Studio Version 17
VisualStudioVersion = 17.1.32210.238
MinimumVisualStudioVersion = 10.0.40219.1
Project("{FAE04EC0-301F-11D3-BF4B-00C04F79EFBC}") = "EXERCISE5", "EXERCISE5\EXERCISE5.csproj", "{A22843E6-49BB-4A25-A2CF-2E248F4B9548}"
EndProject
Global
	GlobalSection(SolutionConfigurationPlatforms) = preSolution
		Debug|Any CPU = Debug|Any CPU
		Release|Any CPU = Release|Any CPU
	EndGlobalSection
	GlobalSection(ProjectConfigurationPlatforms) = postSolution
		{A22843E6-49BB-4A25-A2CF-2E248F4B9548}.Debug|Any CPU.ActiveCfg = Debug|Any CPU
		{A22843E6-49BB-4A25-A2CF-2E248F4B9548}.Debug|Any CPU.Build.0 = Debug|Any CPU
		{A22843E6-49BB-4A25-A2CF-2E248F4B9548}.Release|Any CPU.ActiveCfg = Release|Any CPU
		{A22843E6-49BB-4A25-A2CF-2E248F4B9548}.Release|Any CPU.Build.0 = Release|Any CPU
	EndGlobalSection
	GlobalSection(SolutionProperties) = preSolution
		HideSolutionNode = FALSE
	EndGlobalSection
	GlobalSection(ExtensibilityGlobals) = postSolution
		SolutionGuid = {F152479E-6E48-40C8-B37F-1199E7A52937}
	EndGlobalSection
EndGlobal
